
Microsoft Visual Studio Solution File, Format Version 12.00
# Visual Studio Version 17
VisualStudioVersion = 17.9.34723.18
MinimumVisualStudioVersion = 10.0.40219.1
Project("{9A19103F-16F7-4668-BE54-9A1E7A4F7556}") = "KTMHDotNetCore.ConsoleApp", "KTMHDotNetCore.ConsoleApp\KTMHDotNetCore.ConsoleApp.csproj", "{3DD5E724-3673-4D27-9CF3-7CD167E39247}"
EndProject
Project("{9A19103F-16F7-4668-BE54-9A1E7A4F7556}") = "KTMHDotNetCore.WebApi", "KTMHDotNetCore.WebApi\KTMHDotNetCore.WebApi.csproj", "{00F58256-640B-4575-B9D2-DE2642E4BCF8}"
EndProject
Global
	GlobalSection(SolutionConfigurationPlatforms) = preSolution
		Debug|Any CPU = Debug|Any CPU
		Release|Any CPU = Release|Any CPU
	EndGlobalSection
	GlobalSection(ProjectConfigurationPlatforms) = postSolution
		{3DD5E724-3673-4D27-9CF3-7CD167E39247}.Debug|Any CPU.ActiveCfg = Debug|Any CPU
		{3DD5E724-3673-4D27-9CF3-7CD167E39247}.Debug|Any CPU.Build.0 = Debug|Any CPU
		{3DD5E724-3673-4D27-9CF3-7CD167E39247}.Release|Any CPU.ActiveCfg = Release|Any CPU
		{3DD5E724-3673-4D27-9CF3-7CD167E39247}.Release|Any CPU.Build.0 = Release|Any CPU
		{00F58256-640B-4575-B9D2-DE2642E4BCF8}.Debug|Any CPU.ActiveCfg = Debug|Any CPU
		{00F58256-640B-4575-B9D2-DE2642E4BCF8}.Debug|Any CPU.Build.0 = Debug|Any CPU
		{00F58256-640B-4575-B9D2-DE2642E4BCF8}.Release|Any CPU.ActiveCfg = Release|Any CPU
		{00F58256-640B-4575-B9D2-DE2642E4BCF8}.Release|Any CPU.Build.0 = Release|Any CPU
	EndGlobalSection
	GlobalSection(SolutionProperties) = preSolution
		HideSolutionNode = FALSE
	EndGlobalSection
	GlobalSection(ExtensibilityGlobals) = postSolution
		SolutionGuid = {BDFDEAA6-5239-4BEE-A9B9-313097A54B03}
	EndGlobalSection
EndGlobal
